<?xml version="1.0" encoding="UTF-8"?>
<CodeBlocks_project_file>
	<FileVersion major="1" minor="6"/>
	<Project>
		<Option title="SeetaFace"/>
		<Option makefile_is_custom="1"/>
		<Option compiler="gcc"/>
		<Option virtualFolders="CMake Files\;CMake Files\example\;CMake Files\example\points81\;CMake Files\example\search\;CMake Files\example\tracking\;CMake Files\example\crop_face\;CMake Files\..\;CMake Files\..\..\;CMake Files\..\..\OpenCV_BY\;CMake Files\..\..\OpenCV_BY\x64\;CMake Files\..\..\OpenCV_BY\x64\mingw\;CMake Files\..\..\OpenCV_BY\x64\mingw\lib\;CMake Files\cmake\;CMake Files\SeetaNet\;CMake Files\FaceDetector\;CMake Files\FaceTracker\;CMake Files\FaceLandmarker\;CMake Files\FaceRecognizer\;CMake Files\QualityAssessor\;"/>
		<Build>
			<Target title="all">
				<Option working_dir="F:/SeetaFace2/build-SeetaFace2-Desktop_Qt_5_14_2_MinGW_64_bit-Release"/>
				<Option type="4"/>
				<MakeCommands>
					<Build command="F:/qt/Tools/mingw730_64/bin/mingw32-make.exe -f &quot;F:/SeetaFace2/build-SeetaFace2-Desktop_Qt_5_14_2_MinGW_64_bit-Release/Makefile&quot;  VERBOSE=1 all"/>
					<CompileFile command="F:/qt/Tools/mingw730_64/bin/mingw32-make.exe -f &quot;F:/SeetaFace2/build-SeetaFace2-Desktop_Qt_5_14_2_MinGW_64_bit-Release/Makefile&quot;  VERBOSE=1 &quot;$file&quot;"/>
					<Clean command="F:/qt/Tools/mingw730_64/bin/mingw32-make.exe -f &quot;F:/SeetaFace2/build-SeetaFace2-Desktop_Qt_5_14_2_MinGW_64_bit-Release/Makefile&quot;  VERBOSE=1 clean"/>
					<DistClean command="F:/qt/Tools/mingw730_64/bin/mingw32-make.exe -f &quot;F:/SeetaFace2/build-SeetaFace2-Desktop_Qt_5_14_2_MinGW_64_bit-Release/Makefile&quot;  VERBOSE=1 clean"/>
				</MakeCommands>
			</Target>
			<Target title="uninstall">
				<Option working_dir="F:/SeetaFace2/build-SeetaFace2-Desktop_Qt_5_14_2_MinGW_64_bit-Release"/>
				<Option type="4"/>
				<MakeCommands>
					<Build command="F:/qt/Tools/mingw730_64/bin/mingw32-make.exe -f &quot;F:/SeetaFace2/build-SeetaFace2-Desktop_Qt_5_14_2_MinGW_64_bit-Release/Makefile&quot;  VERBOSE=1 uninstall"/>
					<CompileFile command="F:/qt/Tools/mingw730_64/bin/mingw32-make.exe -f &quot;F:/SeetaFace2/build-SeetaFace2-Desktop_Qt_5_14_2_MinGW_64_bit-Release/Makefile&quot;  VERBOSE=1 &quot;$file&quot;"/>
					<Clean command="F:/qt/Tools/mingw730_64/bin/mingw32-make.exe -f &quot;F:/SeetaFace2/build-SeetaFace2-Desktop_Qt_5_14_2_MinGW_64_bit-Release/Makefile&quot;  VERBOSE=1 clean"/>
					<DistClean command="F:/qt/Tools/mingw730_64/bin/mingw32-make.exe -f &quot;F:/SeetaFace2/build-SeetaFace2-Desktop_Qt_5_14_2_MinGW_64_bit-Release/Makefile&quot;  VERBOSE=1 clean"/>
				</MakeCommands>
			</Target>
			<Target title="edit_cache">
				<Option working_dir="F:/SeetaFace2/build-SeetaFace2-Desktop_Qt_5_14_2_MinGW_64_bit-Release"/>
				<Option type="4"/>
				<MakeCommands>
					<Build command="F:/qt/Tools/mingw730_64/bin/mingw32-make.exe -f &quot;F:/SeetaFace2/build-SeetaFace2-Desktop_Qt_5_14_2_MinGW_64_bit-Release/Makefile&quot;  VERBOSE=1 edit_cache"/>
					<CompileFile command="F:/qt/Tools/mingw730_64/bin/mingw32-make.exe -f &quot;F:/SeetaFace2/build-SeetaFace2-Desktop_Qt_5_14_2_MinGW_64_bit-Release/Makefile&quot;  VERBOSE=1 &quot;$file&quot;"/>
					<Clean command="F:/qt/Tools/mingw730_64/bin/mingw32-make.exe -f &quot;F:/SeetaFace2/build-SeetaFace2-Desktop_Qt_5_14_2_MinGW_64_bit-Release/Makefile&quot;  VERBOSE=1 clean"/>
					<DistClean command="F:/qt/Tools/mingw730_64/bin/mingw32-make.exe -f &quot;F:/SeetaFace2/build-SeetaFace2-Desktop_Qt_5_14_2_MinGW_64_bit-Release/Makefile&quot;  VERBOSE=1 clean"/>
				</MakeCommands>
			</Target>
			<Target title="rebuild_cache">
				<Option working_dir="F:/SeetaFace2/build-SeetaFace2-Desktop_Qt_5_14_2_MinGW_64_bit-Release"/>
				<Option type="4"/>
				<MakeCommands>
					<Build command="F:/qt/Tools/mingw730_64/bin/mingw32-make.exe -f &quot;F:/SeetaFace2/build-SeetaFace2-Desktop_Qt_5_14_2_MinGW_64_bit-Release/Makefile&quot;  VERBOSE=1 rebuild_cache"/>
					<CompileFile command="F:/qt/Tools/mingw730_64/bin/mingw32-make.exe -f &quot;F:/SeetaFace2/build-SeetaFace2-Desktop_Qt_5_14_2_MinGW_64_bit-Release/Makefile&quot;  VERBOSE=1 &quot;$file&quot;"/>
					<Clean command="F:/qt/Tools/mingw730_64/bin/mingw32-make.exe -f &quot;F:/SeetaFace2/build-SeetaFace2-Desktop_Qt_5_14_2_MinGW_64_bit-Release/Makefile&quot;  VERBOSE=1 clean"/>
					<DistClean command="F:/qt/Tools/mingw730_64/bin/mingw32-make.exe -f &quot;F:/SeetaFace2/build-SeetaFace2-Desktop_Qt_5_14_2_MinGW_64_bit-Release/Makefile&quot;  VERBOSE=1 clean"/>
				</MakeCommands>
			</Target>
			<Target title="list_install_components">
				<Option working_dir="F:/SeetaFace2/build-SeetaFace2-Desktop_Qt_5_14_2_MinGW_64_bit-Release"/>
				<Option type="4"/>
				<MakeCommands>
					<Build command="F:/qt/Tools/mingw730_64/bin/mingw32-make.exe -f &quot;F:/SeetaFace2/build-SeetaFace2-Desktop_Qt_5_14_2_MinGW_64_bit-Release/Makefile&quot;  VERBOSE=1 list_install_components"/>
					<CompileFile command="F:/qt/Tools/mingw730_64/bin/mingw32-make.exe -f &quot;F:/SeetaFace2/build-SeetaFace2-Desktop_Qt_5_14_2_MinGW_64_bit-Release/Makefile&quot;  VERBOSE=1 &quot;$file&quot;"/>
					<Clean command="F:/qt/Tools/mingw730_64/bin/mingw32-make.exe -f &quot;F:/SeetaFace2/build-SeetaFace2-Desktop_Qt_5_14_2_MinGW_64_bit-Release/Makefile&quot;  VERBOSE=1 clean"/>
					<DistClean command="F:/qt/Tools/mingw730_64/bin/mingw32-make.exe -f &quot;F:/SeetaFace2/build-SeetaFace2-Desktop_Qt_5_14_2_MinGW_64_bit-Release/Makefile&quot;  VERBOSE=1 clean"/>
				</MakeCommands>
			</Target>
			<Target title="install">
				<Option working_dir="F:/SeetaFace2/build-SeetaFace2-Desktop_Qt_5_14_2_MinGW_64_bit-Release"/>
				<Option type="4"/>
				<MakeCommands>
					<Build command="F:/qt/Tools/mingw730_64/bin/mingw32-make.exe -f &quot;F:/SeetaFace2/build-SeetaFace2-Desktop_Qt_5_14_2_MinGW_64_bit-Release/Makefile&quot;  VERBOSE=1 install"/>
					<CompileFile command="F:/qt/Tools/mingw730_64/bin/mingw32-make.exe -f &quot;F:/SeetaFace2/build-SeetaFace2-Desktop_Qt_5_14_2_MinGW_64_bit-Release/Makefile&quot;  VERBOSE=1 &quot;$file&quot;"/>
					<Clean command="F:/qt/Tools/mingw730_64/bin/mingw32-make.exe -f &quot;F:/SeetaFace2/build-SeetaFace2-Desktop_Qt_5_14_2_MinGW_64_bit-Release/Makefile&quot;  VERBOSE=1 clean"/>
					<DistClean command="F:/qt/Tools/mingw730_64/bin/mingw32-make.exe -f &quot;F:/SeetaFace2/build-SeetaFace2-Desktop_Qt_5_14_2_MinGW_64_bit-Release/Makefile&quot;  VERBOSE=1 clean"/>
				</MakeCommands>
			</Target>
			<Target title="install/local">
				<Option working_dir="F:/SeetaFace2/build-SeetaFace2-Desktop_Qt_5_14_2_MinGW_64_bit-Release"/>
				<Option type="4"/>
				<MakeCommands>
					<Build command="F:/qt/Tools/mingw730_64/bin/mingw32-make.exe -f &quot;F:/SeetaFace2/build-SeetaFace2-Desktop_Qt_5_14_2_MinGW_64_bit-Release/Makefile&quot;  VERBOSE=1 install/local"/>
					<CompileFile command="F:/qt/Tools/mingw730_64/bin/mingw32-make.exe -f &quot;F:/SeetaFace2/build-SeetaFace2-Desktop_Qt_5_14_2_MinGW_64_bit-Release/Makefile&quot;  VERBOSE=1 &quot;$file&quot;"/>
					<Clean command="F:/qt/Tools/mingw730_64/bin/mingw32-make.exe -f &quot;F:/SeetaFace2/build-SeetaFace2-Desktop_Qt_5_14_2_MinGW_64_bit-Release/Makefile&quot;  VERBOSE=1 clean"/>
					<DistClean command="F:/qt/Tools/mingw730_64/bin/mingw32-make.exe -f &quot;F:/SeetaFace2/build-SeetaFace2-Desktop_Qt_5_14_2_MinGW_64_bit-Release/Makefile&quot;  VERBOSE=1 clean"/>
				</MakeCommands>
			</Target>
			<Target title="install/strip">
				<Option working_dir="F:/SeetaFace2/build-SeetaFace2-Desktop_Qt_5_14_2_MinGW_64_bit-Release"/>
				<Option type="4"/>
				<MakeCommands>
					<Build command="F:/qt/Tools/mingw730_64/bin/mingw32-make.exe -f &quot;F:/SeetaFace2/build-SeetaFace2-Desktop_Qt_5_14_2_MinGW_64_bit-Release/Makefile&quot;  VERBOSE=1 install/strip"/>
					<CompileFile command="F:/qt/Tools/mingw730_64/bin/mingw32-make.exe -f &quot;F:/SeetaFace2/build-SeetaFace2-Desktop_Qt_5_14_2_MinGW_64_bit-Release/Makefile&quot;  VERBOSE=1 &quot;$file&quot;"/>
					<Clean command="F:/qt/Tools/mingw730_64/bin/mingw32-make.exe -f &quot;F:/SeetaFace2/build-SeetaFace2-Desktop_Qt_5_14_2_MinGW_64_bit-Release/Makefile&quot;  VERBOSE=1 clean"/>
					<DistClean command="F:/qt/Tools/mingw730_64/bin/mingw32-make.exe -f &quot;F:/SeetaFace2/build-SeetaFace2-Desktop_Qt_5_14_2_MinGW_64_bit-Release/Makefile&quot;  VERBOSE=1 clean"/>
				</MakeCommands>
			</Target>
			<Target title="SeetaNet">
				<Option output="F:/SeetaFace2/build-SeetaFace2-Desktop_Qt_5_14_2_MinGW_64_bit-Release/bin/libSeetaNet.dll" prefix_auto="0" extension_auto="0"/>
				<Option working_dir="F:/SeetaFace2/build-SeetaFace2-Desktop_Qt_5_14_2_MinGW_64_bit-Release/SeetaNet"/>
				<Option object_output="./"/>
				<Option type="3"/>
				<Option compiler="gcc"/>
				<Compiler>
					<Add option="-DBUILD_SHARED_LIBS"/>
					<Add option="-DSEETA_EXPORTS"/>
					<Add directory="F:/SeetaFace2/SeetaFace2/SeetaNet"/>
					<Add directory="F:/SeetaFace2/SeetaFace2/SeetaNet/include"/>
					<Add directory="F:/SeetaFace2/SeetaFace2/SeetaNet/src/include_inner"/>
					<Add directory="F:/SeetaFace2/SeetaFace2/SeetaNet/src/include_inner/layers"/>
					<Add directory="F:/SeetaFace2/SeetaFace2/SeetaNet/src"/>
					<Add directory="F:/SeetaFace2/build-SeetaFace2-Desktop_Qt_5_14_2_MinGW_64_bit-Release"/>
					<Add directory="F:/qt/Tools/mingw730_64/bin/../lib/gcc/x86_64-w64-mingw32/7.3.0/include/c++"/>
					<Add directory="F:/qt/Tools/mingw730_64/bin/../lib/gcc/x86_64-w64-mingw32/7.3.0/include/c++/x86_64-w64-mingw32"/>
					<Add directory="F:/qt/Tools/mingw730_64/bin/../lib/gcc/x86_64-w64-mingw32/7.3.0/include/c++/backward"/>
					<Add directory="F:/qt/Tools/mingw730_64/bin/../lib/gcc/x86_64-w64-mingw32/7.3.0/include"/>
					<Add directory="F:/qt/Tools/mingw730_64/bin/../lib/gcc/x86_64-w64-mingw32/7.3.0/include-fixed"/>
					<Add directory="F:/qt/Tools/mingw730_64/bin/../lib/gcc/x86_64-w64-mingw32/7.3.0/../../../../x86_64-w64-mingw32/include"/>
				</Compiler>
				<MakeCommands>
					<Build command="F:/qt/Tools/mingw730_64/bin/mingw32-make.exe -f &quot;F:/SeetaFace2/build-SeetaFace2-Desktop_Qt_5_14_2_MinGW_64_bit-Release/SeetaNet/Makefile&quot;  VERBOSE=1 SeetaNet"/>
					<CompileFile command="F:/qt/Tools/mingw730_64/bin/mingw32-make.exe -f &quot;F:/SeetaFace2/build-SeetaFace2-Desktop_Qt_5_14_2_MinGW_64_bit-Release/SeetaNet/Makefile&quot;  VERBOSE=1 &quot;$file&quot;"/>
					<Clean command="F:/qt/Tools/mingw730_64/bin/mingw32-make.exe -f &quot;F:/SeetaFace2/build-SeetaFace2-Desktop_Qt_5_14_2_MinGW_64_bit-Release/SeetaNet/Makefile&quot;  VERBOSE=1 clean"/>
					<DistClean command="F:/qt/Tools/mingw730_64/bin/mingw32-make.exe -f &quot;F:/SeetaFace2/build-SeetaFace2-Desktop_Qt_5_14_2_MinGW_64_bit-Release/SeetaNet/Makefile&quot;  VERBOSE=1 clean"/>
				</MakeCommands>
			</Target>
			<Target title="SeetaNet/fast">
				<Option output="F:/SeetaFace2/build-SeetaFace2-Desktop_Qt_5_14_2_MinGW_64_bit-Release/bin/libSeetaNet.dll" prefix_auto="0" extension_auto="0"/>
				<Option working_dir="F:/SeetaFace2/build-SeetaFace2-Desktop_Qt_5_14_2_MinGW_64_bit-Release/SeetaNet"/>
				<Option object_output="./"/>
				<Option type="3"/>
				<Option compiler="gcc"/>
				<Compiler>
					<Add option="-DBUILD_SHARED_LIBS"/>
					<Add option="-DSEETA_EXPORTS"/>
					<Add directory="F:/SeetaFace2/SeetaFace2/SeetaNet"/>
					<Add directory="F:/SeetaFace2/SeetaFace2/SeetaNet/include"/>
					<Add directory="F:/SeetaFace2/SeetaFace2/SeetaNet/src/include_inner"/>
					<Add directory="F:/SeetaFace2/SeetaFace2/SeetaNet/src/include_inner/layers"/>
					<Add directory="F:/SeetaFace2/SeetaFace2/SeetaNet/src"/>
					<Add directory="F:/SeetaFace2/build-SeetaFace2-Desktop_Qt_5_14_2_MinGW_64_bit-Release"/>
					<Add directory="F:/qt/Tools/mingw730_64/bin/../lib/gcc/x86_64-w64-mingw32/7.3.0/include/c++"/>
					<Add directory="F:/qt/Tools/mingw730_64/bin/../lib/gcc/x86_64-w64-mingw32/7.3.0/include/c++/x86_64-w64-mingw32"/>
					<Add directory="F:/qt/Tools/mingw730_64/bin/../lib/gcc/x86_64-w64-mingw32/7.3.0/include/c++/backward"/>
					<Add directory="F:/qt/Tools/mingw730_64/bin/../lib/gcc/x86_64-w64-mingw32/7.3.0/include"/>
					<Add directory="F:/qt/Tools/mingw730_64/bin/../lib/gcc/x86_64-w64-mingw32/7.3.0/include-fixed"/>
					<Add directory="F:/qt/Tools/mingw730_64/bin/../lib/gcc/x86_64-w64-mingw32/7.3.0/../../../../x86_64-w64-mingw32/include"/>
				</Compiler>
				<MakeCommands>
					<Build command="F:/qt/Tools/mingw730_64/bin/mingw32-make.exe -f &quot;F:/SeetaFace2/build-SeetaFace2-Desktop_Qt_5_14_2_MinGW_64_bit-Release/SeetaNet/Makefile&quot;  VERBOSE=1 SeetaNet/fast"/>
					<CompileFile command="F:/qt/Tools/mingw730_64/bin/mingw32-make.exe -f &quot;F:/SeetaFace2/build-SeetaFace2-Desktop_Qt_5_14_2_MinGW_64_bit-Release/SeetaNet/Makefile&quot;  VERBOSE=1 &quot;$file&quot;"/>
					<Clean command="F:/qt/Tools/mingw730_64/bin/mingw32-make.exe -f &quot;F:/SeetaFace2/build-SeetaFace2-Desktop_Qt_5_14_2_MinGW_64_bit-Release/SeetaNet/Makefile&quot;  VERBOSE=1 clean"/>
					<DistClean command="F:/qt/Tools/mingw730_64/bin/mingw32-make.exe -f &quot;F:/SeetaFace2/build-SeetaFace2-Desktop_Qt_5_14_2_MinGW_64_bit-Release/SeetaNet/Makefile&quot;  VERBOSE=1 clean"/>
				</MakeCommands>
			</Target>
			<Target title="SeetaFaceDetector">
				<Option output="F:/SeetaFace2/build-SeetaFace2-Desktop_Qt_5_14_2_MinGW_64_bit-Release/bin/libSeetaFaceDetector.dll" prefix_auto="0" extension_auto="0"/>
				<Option working_dir="F:/SeetaFace2/build-SeetaFace2-Desktop_Qt_5_14_2_MinGW_64_bit-Release/FaceDetector"/>
				<Option object_output="./"/>
				<Option type="3"/>
				<Option compiler="gcc"/>
				<Compiler>
					<Add option="-DBUILD_SHARED_LIBS"/>
					<Add option="-DSEETA_EXPORTS"/>
					<Add directory="F:/SeetaFace2/SeetaFace2/FaceDetector"/>
					<Add directory="F:/SeetaFace2/SeetaFace2/FaceDetector/include"/>
					<Add directory="F:/SeetaFace2/SeetaFace2/FaceDetector/include/seeta"/>
					<Add directory="F:/SeetaFace2/SeetaFace2/FaceDetector/seeta"/>
					<Add directory="F:/SeetaFace2/SeetaFace2/SeetaNet/include"/>
					<Add directory="F:/SeetaFace2/build-SeetaFace2-Desktop_Qt_5_14_2_MinGW_64_bit-Release"/>
					<Add directory="F:/qt/Tools/mingw730_64/bin/../lib/gcc/x86_64-w64-mingw32/7.3.0/include/c++"/>
					<Add directory="F:/qt/Tools/mingw730_64/bin/../lib/gcc/x86_64-w64-mingw32/7.3.0/include/c++/x86_64-w64-mingw32"/>
					<Add directory="F:/qt/Tools/mingw730_64/bin/../lib/gcc/x86_64-w64-mingw32/7.3.0/include/c++/backward"/>
					<Add directory="F:/qt/Tools/mingw730_64/bin/../lib/gcc/x86_64-w64-mingw32/7.3.0/include"/>
					<Add directory="F:/qt/Tools/mingw730_64/bin/../lib/gcc/x86_64-w64-mingw32/7.3.0/include-fixed"/>
					<Add directory="F:/qt/Tools/mingw730_64/bin/../lib/gcc/x86_64-w64-mingw32/7.3.0/../../../../x86_64-w64-mingw32/include"/>
				</Compiler>
				<MakeCommands>
					<Build command="F:/qt/Tools/mingw730_64/bin/mingw32-make.exe -f &quot;F:/SeetaFace2/build-SeetaFace2-Desktop_Qt_5_14_2_MinGW_64_bit-Release/FaceDetector/Makefile&quot;  VERBOSE=1 SeetaFaceDetector"/>
					<CompileFile command="F:/qt/Tools/mingw730_64/bin/mingw32-make.exe -f &quot;F:/SeetaFace2/build-SeetaFace2-Desktop_Qt_5_14_2_MinGW_64_bit-Release/FaceDetector/Makefile&quot;  VERBOSE=1 &quot;$file&quot;"/>
					<Clean command="F:/qt/Tools/mingw730_64/bin/mingw32-make.exe -f &quot;F:/SeetaFace2/build-SeetaFace2-Desktop_Qt_5_14_2_MinGW_64_bit-Release/FaceDetector/Makefile&quot;  VERBOSE=1 clean"/>
					<DistClean command="F:/qt/Tools/mingw730_64/bin/mingw32-make.exe -f &quot;F:/SeetaFace2/build-SeetaFace2-Desktop_Qt_5_14_2_MinGW_64_bit-Release/FaceDetector/Makefile&quot;  VERBOSE=1 clean"/>
				</MakeCommands>
			</Target>
			<Target title="SeetaFaceDetector/fast">
				<Option output="F:/SeetaFace2/build-SeetaFace2-Desktop_Qt_5_14_2_MinGW_64_bit-Release/bin/libSeetaFaceDetector.dll" prefix_auto="0" extension_auto="0"/>
				<Option working_dir="F:/SeetaFace2/build-SeetaFace2-Desktop_Qt_5_14_2_MinGW_64_bit-Release/FaceDetector"/>
				<Option object_output="./"/>
				<Option type="3"/>
				<Option compiler="gcc"/>
				<Compiler>
					<Add option="-DBUILD_SHARED_LIBS"/>
					<Add option="-DSEETA_EXPORTS"/>
					<Add directory="F:/SeetaFace2/SeetaFace2/FaceDetector"/>
					<Add directory="F:/SeetaFace2/SeetaFace2/FaceDetector/include"/>
					<Add directory="F:/SeetaFace2/SeetaFace2/FaceDetector/include/seeta"/>
					<Add directory="F:/SeetaFace2/SeetaFace2/FaceDetector/seeta"/>
					<Add directory="F:/SeetaFace2/SeetaFace2/SeetaNet/include"/>
					<Add directory="F:/SeetaFace2/build-SeetaFace2-Desktop_Qt_5_14_2_MinGW_64_bit-Release"/>
					<Add directory="F:/qt/Tools/mingw730_64/bin/../lib/gcc/x86_64-w64-mingw32/7.3.0/include/c++"/>
					<Add directory="F:/qt/Tools/mingw730_64/bin/../lib/gcc/x86_64-w64-mingw32/7.3.0/include/c++/x86_64-w64-mingw32"/>
					<Add directory="F:/qt/Tools/mingw730_64/bin/../lib/gcc/x86_64-w64-mingw32/7.3.0/include/c++/backward"/>
					<Add directory="F:/qt/Tools/mingw730_64/bin/../lib/gcc/x86_64-w64-mingw32/7.3.0/include"/>
					<Add directory="F:/qt/Tools/mingw730_64/bin/../lib/gcc/x86_64-w64-mingw32/7.3.0/include-fixed"/>
					<Add directory="F:/qt/Tools/mingw730_64/bin/../lib/gcc/x86_64-w64-mingw32/7.3.0/../../../../x86_64-w64-mingw32/include"/>
				</Compiler>
				<MakeCommands>
					<Build command="F:/qt/Tools/mingw730_64/bin/mingw32-make.exe -f &quot;F:/SeetaFace2/build-SeetaFace2-Desktop_Qt_5_14_2_MinGW_64_bit-Release/FaceDetector/Makefile&quot;  VERBOSE=1 SeetaFaceDetector/fast"/>
					<CompileFile command="F:/qt/Tools/mingw730_64/bin/mingw32-make.exe -f &quot;F:/SeetaFace2/build-SeetaFace2-Desktop_Qt_5_14_2_MinGW_64_bit-Release/FaceDetector/Makefile&quot;  VERBOSE=1 &quot;$file&quot;"/>
					<Clean command="F:/qt/Tools/mingw730_64/bin/mingw32-make.exe -f &quot;F:/SeetaFace2/build-SeetaFace2-Desktop_Qt_5_14_2_MinGW_64_bit-Release/FaceDetector/Makefile&quot;  VERBOSE=1 clean"/>
					<DistClean command="F:/qt/Tools/mingw730_64/bin/mingw32-make.exe -f &quot;F:/SeetaFace2/build-SeetaFace2-Desktop_Qt_5_14_2_MinGW_64_bit-Release/FaceDetector/Makefile&quot;  VERBOSE=1 clean"/>
				</MakeCommands>
			</Target>
			<Target title="SeetaFaceTracker">
				<Option output="F:/SeetaFace2/build-SeetaFace2-Desktop_Qt_5_14_2_MinGW_64_bit-Release/bin/libSeetaFaceTracker.dll" prefix_auto="0" extension_auto="0"/>
				<Option working_dir="F:/SeetaFace2/build-SeetaFace2-Desktop_Qt_5_14_2_MinGW_64_bit-Release/FaceTracker"/>
				<Option object_output="./"/>
				<Option type="3"/>
				<Option compiler="gcc"/>
				<Compiler>
					<Add option="-DBUILD_SHARED_LIBS"/>
					<Add option="-DSEETA_EXPORTS"/>
					<Add directory="F:/SeetaFace2/SeetaFace2/FaceTracker"/>
					<Add directory="F:/SeetaFace2/SeetaFace2/FaceTracker/include"/>
					<Add directory="F:/SeetaFace2/SeetaFace2/FaceTracker/include/seeta"/>
					<Add directory="F:/SeetaFace2/SeetaFace2/FaceTracker/seeta"/>
					<Add directory="F:/SeetaFace2/SeetaFace2/SeetaNet/include"/>
					<Add directory="F:/SeetaFace2/SeetaFace2/FaceDetector/include"/>
					<Add directory="F:/SeetaFace2/build-SeetaFace2-Desktop_Qt_5_14_2_MinGW_64_bit-Release"/>
					<Add directory="F:/qt/Tools/mingw730_64/bin/../lib/gcc/x86_64-w64-mingw32/7.3.0/include/c++"/>
					<Add directory="F:/qt/Tools/mingw730_64/bin/../lib/gcc/x86_64-w64-mingw32/7.3.0/include/c++/x86_64-w64-mingw32"/>
					<Add directory="F:/qt/Tools/mingw730_64/bin/../lib/gcc/x86_64-w64-mingw32/7.3.0/include/c++/backward"/>
					<Add directory="F:/qt/Tools/mingw730_64/bin/../lib/gcc/x86_64-w64-mingw32/7.3.0/include"/>
					<Add directory="F:/qt/Tools/mingw730_64/bin/../lib/gcc/x86_64-w64-mingw32/7.3.0/include-fixed"/>
					<Add directory="F:/qt/Tools/mingw730_64/bin/../lib/gcc/x86_64-w64-mingw32/7.3.0/../../../../x86_64-w64-mingw32/include"/>
				</Compiler>
				<MakeCommands>
					<Build command="F:/qt/Tools/mingw730_64/bin/mingw32-make.exe -f &quot;F:/SeetaFace2/build-SeetaFace2-Desktop_Qt_5_14_2_MinGW_64_bit-Release/FaceTracker/Makefile&quot;  VERBOSE=1 SeetaFaceTracker"/>
					<CompileFile command="F:/qt/Tools/mingw730_64/bin/mingw32-make.exe -f &quot;F:/SeetaFace2/build-SeetaFace2-Desktop_Qt_5_14_2_MinGW_64_bit-Release/FaceTracker/Makefile&quot;  VERBOSE=1 &quot;$file&quot;"/>
					<Clean command="F:/qt/Tools/mingw730_64/bin/mingw32-make.exe -f &quot;F:/SeetaFace2/build-SeetaFace2-Desktop_Qt_5_14_2_MinGW_64_bit-Release/FaceTracker/Makefile&quot;  VERBOSE=1 clean"/>
					<DistClean command="F:/qt/Tools/mingw730_64/bin/mingw32-make.exe -f &quot;F:/SeetaFace2/build-SeetaFace2-Desktop_Qt_5_14_2_MinGW_64_bit-Release/FaceTracker/Makefile&quot;  VERBOSE=1 clean"/>
				</MakeCommands>
			</Target>
			<Target title="SeetaFaceTracker/fast">
				<Option output="F:/SeetaFace2/build-SeetaFace2-Desktop_Qt_5_14_2_MinGW_64_bit-Release/bin/libSeetaFaceTracker.dll" prefix_auto="0" extension_auto="0"/>
				<Option working_dir="F:/SeetaFace2/build-SeetaFace2-Desktop_Qt_5_14_2_MinGW_64_bit-Release/FaceTracker"/>
				<Option object_output="./"/>
				<Option type="3"/>
				<Option compiler="gcc"/>
				<Compiler>
					<Add option="-DBUILD_SHARED_LIBS"/>
					<Add option="-DSEETA_EXPORTS"/>
					<Add directory="F:/SeetaFace2/SeetaFace2/FaceTracker"/>
					<Add directory="F:/SeetaFace2/SeetaFace2/FaceTracker/include"/>
					<Add directory="F:/SeetaFace2/SeetaFace2/FaceTracker/include/seeta"/>
					<Add directory="F:/SeetaFace2/SeetaFace2/FaceTracker/seeta"/>
					<Add directory="F:/SeetaFace2/SeetaFace2/SeetaNet/include"/>
					<Add directory="F:/SeetaFace2/SeetaFace2/FaceDetector/include"/>
					<Add directory="F:/SeetaFace2/build-SeetaFace2-Desktop_Qt_5_14_2_MinGW_64_bit-Release"/>
					<Add directory="F:/qt/Tools/mingw730_64/bin/../lib/gcc/x86_64-w64-mingw32/7.3.0/include/c++"/>
					<Add directory="F:/qt/Tools/mingw730_64/bin/../lib/gcc/x86_64-w64-mingw32/7.3.0/include/c++/x86_64-w64-mingw32"/>
					<Add directory="F:/qt/Tools/mingw730_64/bin/../lib/gcc/x86_64-w64-mingw32/7.3.0/include/c++/backward"/>
					<Add directory="F:/qt/Tools/mingw730_64/bin/../lib/gcc/x86_64-w64-mingw32/7.3.0/include"/>
					<Add directory="F:/qt/Tools/mingw730_64/bin/../lib/gcc/x86_64-w64-mingw32/7.3.0/include-fixed"/>
					<Add directory="F:/qt/Tools/mingw730_64/bin/../lib/gcc/x86_64-w64-mingw32/7.3.0/../../../../x86_64-w64-mingw32/include"/>
				</Compiler>
				<MakeCommands>
					<Build command="F:/qt/Tools/mingw730_64/bin/mingw32-make.exe -f &quot;F:/SeetaFace2/build-SeetaFace2-Desktop_Qt_5_14_2_MinGW_64_bit-Release/FaceTracker/Makefile&quot;  VERBOSE=1 SeetaFaceTracker/fast"/>
					<CompileFile command="F:/qt/Tools/mingw730_64/bin/mingw32-make.exe -f &quot;F:/SeetaFace2/build-SeetaFace2-Desktop_Qt_5_14_2_MinGW_64_bit-Release/FaceTracker/Makefile&quot;  VERBOSE=1 &quot;$file&quot;"/>
					<Clean command="F:/qt/Tools/mingw730_64/bin/mingw32-make.exe -f &quot;F:/SeetaFace2/build-SeetaFace2-Desktop_Qt_5_14_2_MinGW_64_bit-Release/FaceTracker/Makefile&quot;  VERBOSE=1 clean"/>
					<DistClean command="F:/qt/Tools/mingw730_64/bin/mingw32-make.exe -f &quot;F:/SeetaFace2/build-SeetaFace2-Desktop_Qt_5_14_2_MinGW_64_bit-Release/FaceTracker/Makefile&quot;  VERBOSE=1 clean"/>
				</MakeCommands>
			</Target>
			<Target title="SeetaFaceLandmarker">
				<Option output="F:/SeetaFace2/build-SeetaFace2-Desktop_Qt_5_14_2_MinGW_64_bit-Release/bin/libSeetaFaceLandmarker.dll" prefix_auto="0" extension_auto="0"/>
				<Option working_dir="F:/SeetaFace2/build-SeetaFace2-Desktop_Qt_5_14_2_MinGW_64_bit-Release/FaceLandmarker"/>
				<Option object_output="./"/>
				<Option type="3"/>
				<Option compiler="gcc"/>
				<Compiler>
					<Add option="-DBUILD_SHARED_LIBS"/>
					<Add option="-DSEETA_EXPORTS"/>
					<Add directory="F:/SeetaFace2/SeetaFace2/FaceLandmarker"/>
					<Add directory="F:/SeetaFace2/SeetaFace2/FaceLandmarker/include"/>
					<Add directory="F:/SeetaFace2/SeetaFace2/FaceLandmarker/include/seeta"/>
					<Add directory="F:/SeetaFace2/SeetaFace2/FaceLandmarker/seeta"/>
					<Add directory="F:/SeetaFace2/SeetaFace2/SeetaNet/include"/>
					<Add directory="F:/SeetaFace2/build-SeetaFace2-Desktop_Qt_5_14_2_MinGW_64_bit-Release"/>
					<Add directory="F:/qt/Tools/mingw730_64/bin/../lib/gcc/x86_64-w64-mingw32/7.3.0/include/c++"/>
					<Add directory="F:/qt/Tools/mingw730_64/bin/../lib/gcc/x86_64-w64-mingw32/7.3.0/include/c++/x86_64-w64-mingw32"/>
					<Add directory="F:/qt/Tools/mingw730_64/bin/../lib/gcc/x86_64-w64-mingw32/7.3.0/include/c++/backward"/>
					<Add directory="F:/qt/Tools/mingw730_64/bin/../lib/gcc/x86_64-w64-mingw32/7.3.0/include"/>
					<Add directory="F:/qt/Tools/mingw730_64/bin/../lib/gcc/x86_64-w64-mingw32/7.3.0/include-fixed"/>
					<Add directory="F:/qt/Tools/mingw730_64/bin/../lib/gcc/x86_64-w64-mingw32/7.3.0/../../../../x86_64-w64-mingw32/include"/>
				</Compiler>
				<MakeCommands>
					<Build command="F:/qt/Tools/mingw730_64/bin/mingw32-make.exe -f &quot;F:/SeetaFace2/build-SeetaFace2-Desktop_Qt_5_14_2_MinGW_64_bit-Release/FaceLandmarker/Makefile&quot;  VERBOSE=1 SeetaFaceLandmarker"/>
					<CompileFile command="F:/qt/Tools/mingw730_64/bin/mingw32-make.exe -f &quot;F:/SeetaFace2/build-SeetaFace2-Desktop_Qt_5_14_2_MinGW_64_bit-Release/FaceLandmarker/Makefile&quot;  VERBOSE=1 &quot;$file&quot;"/>
					<Clean command="F:/qt/Tools/mingw730_64/bin/mingw32-make.exe -f &quot;F:/SeetaFace2/build-SeetaFace2-Desktop_Qt_5_14_2_MinGW_64_bit-Release/FaceLandmarker/Makefile&quot;  VERBOSE=1 clean"/>
					<DistClean command="F:/qt/Tools/mingw730_64/bin/mingw32-make.exe -f &quot;F:/SeetaFace2/build-SeetaFace2-Desktop_Qt_5_14_2_MinGW_64_bit-Release/FaceLandmarker/Makefile&quot;  VERBOSE=1 clean"/>
				</MakeCommands>
			</Target>
			<Target title="SeetaFaceLandmarker/fast">
				<Option output="F:/SeetaFace2/build-SeetaFace2-Desktop_Qt_5_14_2_MinGW_64_bit-Release/bin/libSeetaFaceLandmarker.dll" prefix_auto="0" extension_auto="0"/>
				<Option working_dir="F:/SeetaFace2/build-SeetaFace2-Desktop_Qt_5_14_2_MinGW_64_bit-Release/FaceLandmarker"/>
				<Option object_output="./"/>
				<Option type="3"/>
				<Option compiler="gcc"/>
				<Compiler>
					<Add option="-DBUILD_SHARED_LIBS"/>
					<Add option="-DSEETA_EXPORTS"/>
					<Add directory="F:/SeetaFace2/SeetaFace2/FaceLandmarker"/>
					<Add directory="F:/SeetaFace2/SeetaFace2/FaceLandmarker/include"/>
					<Add directory="F:/SeetaFace2/SeetaFace2/FaceLandmarker/include/seeta"/>
					<Add directory="F:/SeetaFace2/SeetaFace2/FaceLandmarker/seeta"/>
					<Add directory="F:/SeetaFace2/SeetaFace2/SeetaNet/include"/>
					<Add directory="F:/SeetaFace2/build-SeetaFace2-Desktop_Qt_5_14_2_MinGW_64_bit-Release"/>
					<Add directory="F:/qt/Tools/mingw730_64/bin/../lib/gcc/x86_64-w64-mingw32/7.3.0/include/c++"/>
					<Add directory="F:/qt/Tools/mingw730_64/bin/../lib/gcc/x86_64-w64-mingw32/7.3.0/include/c++/x86_64-w64-mingw32"/>
					<Add directory="F:/qt/Tools/mingw730_64/bin/../lib/gcc/x86_64-w64-mingw32/7.3.0/include/c++/backward"/>
					<Add directory="F:/qt/Tools/mingw730_64/bin/../lib/gcc/x86_64-w64-mingw32/7.3.0/include"/>
					<Add directory="F:/qt/Tools/mingw730_64/bin/../lib/gcc/x86_64-w64-mingw32/7.3.0/include-fixed"/>
					<Add directory="F:/qt/Tools/mingw730_64/bin/../lib/gcc/x86_64-w64-mingw32/7.3.0/../../../../x86_64-w64-mingw32/include"/>
				</Compiler>
				<MakeCommands>
					<Build command="F:/qt/Tools/mingw730_64/bin/mingw32-make.exe -f &quot;F:/SeetaFace2/build-SeetaFace2-Desktop_Qt_5_14_2_MinGW_64_bit-Release/FaceLandmarker/Makefile&quot;  VERBOSE=1 SeetaFaceLandmarker/fast"/>
					<CompileFile command="F:/qt/Tools/mingw730_64/bin/mingw32-make.exe -f &quot;F:/SeetaFace2/build-SeetaFace2-Desktop_Qt_5_14_2_MinGW_64_bit-Release/FaceLandmarker/Makefile&quot;  VERBOSE=1 &quot;$file&quot;"/>
					<Clean command="F:/qt/Tools/mingw730_64/bin/mingw32-make.exe -f &quot;F:/SeetaFace2/build-SeetaFace2-Desktop_Qt_5_14_2_MinGW_64_bit-Release/FaceLandmarker/Makefile&quot;  VERBOSE=1 clean"/>
					<DistClean command="F:/qt/Tools/mingw730_64/bin/mingw32-make.exe -f &quot;F:/SeetaFace2/build-SeetaFace2-Desktop_Qt_5_14_2_MinGW_64_bit-Release/FaceLandmarker/Makefile&quot;  VERBOSE=1 clean"/>
				</MakeCommands>
			</Target>
			<Target title="SeetaFaceRecognizer">
				<Option output="F:/SeetaFace2/build-SeetaFace2-Desktop_Qt_5_14_2_MinGW_64_bit-Release/bin/libSeetaFaceRecognizer.dll" prefix_auto="0" extension_auto="0"/>
				<Option working_dir="F:/SeetaFace2/build-SeetaFace2-Desktop_Qt_5_14_2_MinGW_64_bit-Release/FaceRecognizer"/>
				<Option object_output="./"/>
				<Option type="3"/>
				<Option compiler="gcc"/>
				<Compiler>
					<Add option="-DBUILD_SHARED_LIBS"/>
					<Add option="-DSEETA_EXPORTS"/>
					<Add directory="F:/SeetaFace2/SeetaFace2/FaceRecognizer"/>
					<Add directory="F:/SeetaFace2/SeetaFace2/FaceRecognizer/include"/>
					<Add directory="F:/SeetaFace2/SeetaFace2/FaceRecognizer/include/seeta"/>
					<Add directory="F:/SeetaFace2/SeetaFace2/FaceRecognizer/seeta"/>
					<Add directory="F:/SeetaFace2/SeetaFace2/SeetaNet/include"/>
					<Add directory="F:/SeetaFace2/build-SeetaFace2-Desktop_Qt_5_14_2_MinGW_64_bit-Release"/>
					<Add directory="F:/qt/Tools/mingw730_64/bin/../lib/gcc/x86_64-w64-mingw32/7.3.0/include/c++"/>
					<Add directory="F:/qt/Tools/mingw730_64/bin/../lib/gcc/x86_64-w64-mingw32/7.3.0/include/c++/x86_64-w64-mingw32"/>
					<Add directory="F:/qt/Tools/mingw730_64/bin/../lib/gcc/x86_64-w64-mingw32/7.3.0/include/c++/backward"/>
					<Add directory="F:/qt/Tools/mingw730_64/bin/../lib/gcc/x86_64-w64-mingw32/7.3.0/include"/>
					<Add directory="F:/qt/Tools/mingw730_64/bin/../lib/gcc/x86_64-w64-mingw32/7.3.0/include-fixed"/>
					<Add directory="F:/qt/Tools/mingw730_64/bin/../lib/gcc/x86_64-w64-mingw32/7.3.0/../../../../x86_64-w64-mingw32/include"/>
				</Compiler>
				<MakeCommands>
					<Build command="F:/qt/Tools/mingw730_64/bin/mingw32-make.exe -f &quot;F:/SeetaFace2/build-SeetaFace2-Desktop_Qt_5_14_2_MinGW_64_bit-Release/FaceRecognizer/Makefile&quot;  VERBOSE=1 SeetaFaceRecognizer"/>
					<CompileFile command="F:/qt/Tools/mingw730_64/bin/mingw32-make.exe -f &quot;F:/SeetaFace2/build-SeetaFace2-Desktop_Qt_5_14_2_MinGW_64_bit-Release/FaceRecognizer/Makefile&quot;  VERBOSE=1 &quot;$file&quot;"/>
					<Clean command="F:/qt/Tools/mingw730_64/bin/mingw32-make.exe -f &quot;F:/SeetaFace2/build-SeetaFace2-Desktop_Qt_5_14_2_MinGW_64_bit-Release/FaceRecognizer/Makefile&quot;  VERBOSE=1 clean"/>
					<DistClean command="F:/qt/Tools/mingw730_64/bin/mingw32-make.exe -f &quot;F:/SeetaFace2/build-SeetaFace2-Desktop_Qt_5_14_2_MinGW_64_bit-Release/FaceRecognizer/Makefile&quot;  VERBOSE=1 clean"/>
				</MakeCommands>
			</Target>
			<Target title="SeetaFaceRecognizer/fast">
				<Option output="F:/SeetaFace2/build-SeetaFace2-Desktop_Qt_5_14_2_MinGW_64_bit-Release/bin/libSeetaFaceRecognizer.dll" prefix_auto="0" extension_auto="0"/>
				<Option working_dir="F:/SeetaFace2/build-SeetaFace2-Desktop_Qt_5_14_2_MinGW_64_bit-Release/FaceRecognizer"/>
				<Option object_output="./"/>
				<Option type="3"/>
				<Option compiler="gcc"/>
				<Compiler>
					<Add option="-DBUILD_SHARED_LIBS"/>
					<Add option="-DSEETA_EXPORTS"/>
					<Add directory="F:/SeetaFace2/SeetaFace2/FaceRecognizer"/>
					<Add directory="F:/SeetaFace2/SeetaFace2/FaceRecognizer/include"/>
					<Add directory="F:/SeetaFace2/SeetaFace2/FaceRecognizer/include/seeta"/>
					<Add directory="F:/SeetaFace2/SeetaFace2/FaceRecognizer/seeta"/>
					<Add directory="F:/SeetaFace2/SeetaFace2/SeetaNet/include"/>
					<Add directory="F:/SeetaFace2/build-SeetaFace2-Desktop_Qt_5_14_2_MinGW_64_bit-Release"/>
					<Add directory="F:/qt/Tools/mingw730_64/bin/../lib/gcc/x86_64-w64-mingw32/7.3.0/include/c++"/>
					<Add directory="F:/qt/Tools/mingw730_64/bin/../lib/gcc/x86_64-w64-mingw32/7.3.0/include/c++/x86_64-w64-mingw32"/>
					<Add directory="F:/qt/Tools/mingw730_64/bin/../lib/gcc/x86_64-w64-mingw32/7.3.0/include/c++/backward"/>
					<Add directory="F:/qt/Tools/mingw730_64/bin/../lib/gcc/x86_64-w64-mingw32/7.3.0/include"/>
					<Add directory="F:/qt/Tools/mingw730_64/bin/../lib/gcc/x86_64-w64-mingw32/7.3.0/include-fixed"/>
					<Add directory="F:/qt/Tools/mingw730_64/bin/../lib/gcc/x86_64-w64-mingw32/7.3.0/../../../../x86_64-w64-mingw32/include"/>
				</Compiler>
				<MakeCommands>
					<Build command="F:/qt/Tools/mingw730_64/bin/mingw32-make.exe -f &quot;F:/SeetaFace2/build-SeetaFace2-Desktop_Qt_5_14_2_MinGW_64_bit-Release/FaceRecognizer/Makefile&quot;  VERBOSE=1 SeetaFaceRecognizer/fast"/>
					<CompileFile command="F:/qt/Tools/mingw730_64/bin/mingw32-make.exe -f &quot;F:/SeetaFace2/build-SeetaFace2-Desktop_Qt_5_14_2_MinGW_64_bit-Release/FaceRecognizer/Makefile&quot;  VERBOSE=1 &quot;$file&quot;"/>
					<Clean command="F:/qt/Tools/mingw730_64/bin/mingw32-make.exe -f &quot;F:/SeetaFace2/build-SeetaFace2-Desktop_Qt_5_14_2_MinGW_64_bit-Release/FaceRecognizer/Makefile&quot;  VERBOSE=1 clean"/>
					<DistClean command="F:/qt/Tools/mingw730_64/bin/mingw32-make.exe -f &quot;F:/SeetaFace2/build-SeetaFace2-Desktop_Qt_5_14_2_MinGW_64_bit-Release/FaceRecognizer/Makefile&quot;  VERBOSE=1 clean"/>
				</MakeCommands>
			</Target>
			<Target title="SeetaQualityAssessor">
				<Option output="F:/SeetaFace2/build-SeetaFace2-Desktop_Qt_5_14_2_MinGW_64_bit-Release/bin/libSeetaQualityAssessor.dll" prefix_auto="0" extension_auto="0"/>
				<Option working_dir="F:/SeetaFace2/build-SeetaFace2-Desktop_Qt_5_14_2_MinGW_64_bit-Release/QualityAssessor"/>
				<Option object_output="./"/>
				<Option type="3"/>
				<Option compiler="gcc"/>
				<Compiler>
					<Add option="-DBUILD_SHARED_LIBS"/>
					<Add option="-DSEETA_EXPORTS"/>
					<Add directory="F:/SeetaFace2/SeetaFace2/QualityAssessor"/>
					<Add directory="F:/SeetaFace2/SeetaFace2/QualityAssessor/include"/>
					<Add directory="F:/SeetaFace2/SeetaFace2/QualityAssessor/include/seeta"/>
					<Add directory="F:/SeetaFace2/SeetaFace2/QualityAssessor/seeta"/>
					<Add directory="F:/qt/Tools/mingw730_64/bin/../lib/gcc/x86_64-w64-mingw32/7.3.0/include/c++"/>
					<Add directory="F:/qt/Tools/mingw730_64/bin/../lib/gcc/x86_64-w64-mingw32/7.3.0/include/c++/x86_64-w64-mingw32"/>
					<Add directory="F:/qt/Tools/mingw730_64/bin/../lib/gcc/x86_64-w64-mingw32/7.3.0/include/c++/backward"/>
					<Add directory="F:/qt/Tools/mingw730_64/bin/../lib/gcc/x86_64-w64-mingw32/7.3.0/include"/>
					<Add directory="F:/qt/Tools/mingw730_64/bin/../lib/gcc/x86_64-w64-mingw32/7.3.0/include-fixed"/>
					<Add directory="F:/qt/Tools/mingw730_64/bin/../lib/gcc/x86_64-w64-mingw32/7.3.0/../../../../x86_64-w64-mingw32/include"/>
				</Compiler>
				<MakeCommands>
					<Build command="F:/qt/Tools/mingw730_64/bin/mingw32-make.exe -f &quot;F:/SeetaFace2/build-SeetaFace2-Desktop_Qt_5_14_2_MinGW_64_bit-Release/QualityAssessor/Makefile&quot;  VERBOSE=1 SeetaQualityAssessor"/>
					<CompileFile command="F:/qt/Tools/mingw730_64/bin/mingw32-make.exe -f &quot;F:/SeetaFace2/build-SeetaFace2-Desktop_Qt_5_14_2_MinGW_64_bit-Release/QualityAssessor/Makefile&quot;  VERBOSE=1 &quot;$file&quot;"/>
					<Clean command="F:/qt/Tools/mingw730_64/bin/mingw32-make.exe -f &quot;F:/SeetaFace2/build-SeetaFace2-Desktop_Qt_5_14_2_MinGW_64_bit-Release/QualityAssessor/Makefile&quot;  VERBOSE=1 clean"/>
					<DistClean command="F:/qt/Tools/mingw730_64/bin/mingw32-make.exe -f &quot;F:/SeetaFace2/build-SeetaFace2-Desktop_Qt_5_14_2_MinGW_64_bit-Release/QualityAssessor/Makefile&quot;  VERBOSE=1 clean"/>
				</MakeCommands>
			</Target>
			<Target title="SeetaQualityAssessor/fast">
				<Option output="F:/SeetaFace2/build-SeetaFace2-Desktop_Qt_5_14_2_MinGW_64_bit-Release/bin/libSeetaQualityAssessor.dll" prefix_auto="0" extension_auto="0"/>
				<Option working_dir="F:/SeetaFace2/build-SeetaFace2-Desktop_Qt_5_14_2_MinGW_64_bit-Release/QualityAssessor"/>
				<Option object_output="./"/>
				<Option type="3"/>
				<Option compiler="gcc"/>
				<Compiler>
					<Add option="-DBUILD_SHARED_LIBS"/>
					<Add option="-DSEETA_EXPORTS"/>
					<Add directory="F:/SeetaFace2/SeetaFace2/QualityAssessor"/>
					<Add directory="F:/SeetaFace2/SeetaFace2/QualityAssessor/include"/>
					<Add directory="F:/SeetaFace2/SeetaFace2/QualityAssessor/include/seeta"/>
					<Add directory="F:/SeetaFace2/SeetaFace2/QualityAssessor/seeta"/>
					<Add directory="F:/qt/Tools/mingw730_64/bin/../lib/gcc/x86_64-w64-mingw32/7.3.0/include/c++"/>
					<Add directory="F:/qt/Tools/mingw730_64/bin/../lib/gcc/x86_64-w64-mingw32/7.3.0/include/c++/x86_64-w64-mingw32"/>
					<Add directory="F:/qt/Tools/mingw730_64/bin/../lib/gcc/x86_64-w64-mingw32/7.3.0/include/c++/backward"/>
					<Add directory="F:/qt/Tools/mingw730_64/bin/../lib/gcc/x86_64-w64-mingw32/7.3.0/include"/>
					<Add directory="F:/qt/Tools/mingw730_64/bin/../lib/gcc/x86_64-w64-mingw32/7.3.0/include-fixed"/>
					<Add directory="F:/qt/Tools/mingw730_64/bin/../lib/gcc/x86_64-w64-mingw32/7.3.0/../../../../x86_64-w64-mingw32/include"/>
				</Compiler>
				<MakeCommands>
					<Build command="F:/qt/Tools/mingw730_64/bin/mingw32-make.exe -f &quot;F:/SeetaFace2/build-SeetaFace2-Desktop_Qt_5_14_2_MinGW_64_bit-Release/QualityAssessor/Makefile&quot;  VERBOSE=1 SeetaQualityAssessor/fast"/>
					<CompileFile command="F:/qt/Tools/mingw730_64/bin/mingw32-make.exe -f &quot;F:/SeetaFace2/build-SeetaFace2-Desktop_Qt_5_14_2_MinGW_64_bit-Release/QualityAssessor/Makefile&quot;  VERBOSE=1 &quot;$file&quot;"/>
					<Clean command="F:/qt/Tools/mingw730_64/bin/mingw32-make.exe -f &quot;F:/SeetaFace2/build-SeetaFace2-Desktop_Qt_5_14_2_MinGW_64_bit-Release/QualityAssessor/Makefile&quot;  VERBOSE=1 clean"/>
					<DistClean command="F:/qt/Tools/mingw730_64/bin/mingw32-make.exe -f &quot;F:/SeetaFace2/build-SeetaFace2-Desktop_Qt_5_14_2_MinGW_64_bit-Release/QualityAssessor/Makefile&quot;  VERBOSE=1 clean"/>
				</MakeCommands>
			</Target>
			<Target title="points81">
				<Option output="F:/SeetaFace2/build-SeetaFace2-Desktop_Qt_5_14_2_MinGW_64_bit-Release/bin/points81.exe" prefix_auto="0" extension_auto="0"/>
				<Option working_dir="F:/SeetaFace2/build-SeetaFace2-Desktop_Qt_5_14_2_MinGW_64_bit-Release/example/points81"/>
				<Option object_output="./"/>
				<Option type="1"/>
				<Option compiler="gcc"/>
				<Compiler>
					<Add option="-DBUILD_SHARED_LIBS"/>
					<Add directory="F:/SeetaFace2/SeetaFace2/example/points81"/>
					<Add directory="F:/SeetaFace2/SeetaFace2/SeetaNet/include"/>
					<Add directory="F:/SeetaFace2/SeetaFace2/FaceDetector/include"/>
					<Add directory="F:/SeetaFace2/SeetaFace2/FaceLandmarker/include"/>
					<Add directory="F:/SeetaFace2/build-SeetaFace2-Desktop_Qt_5_14_2_MinGW_64_bit-Release"/>
					<Add directory="F:/OpenCV_BY/include"/>
					<Add directory="F:/qt/Tools/mingw730_64/bin/../lib/gcc/x86_64-w64-mingw32/7.3.0/include/c++"/>
					<Add directory="F:/qt/Tools/mingw730_64/bin/../lib/gcc/x86_64-w64-mingw32/7.3.0/include/c++/x86_64-w64-mingw32"/>
					<Add directory="F:/qt/Tools/mingw730_64/bin/../lib/gcc/x86_64-w64-mingw32/7.3.0/include/c++/backward"/>
					<Add directory="F:/qt/Tools/mingw730_64/bin/../lib/gcc/x86_64-w64-mingw32/7.3.0/include"/>
					<Add directory="F:/qt/Tools/mingw730_64/bin/../lib/gcc/x86_64-w64-mingw32/7.3.0/include-fixed"/>
					<Add directory="F:/qt/Tools/mingw730_64/bin/../lib/gcc/x86_64-w64-mingw32/7.3.0/../../../../x86_64-w64-mingw32/include"/>
				</Compiler>
				<MakeCommands>
					<Build command="F:/qt/Tools/mingw730_64/bin/mingw32-make.exe -f &quot;F:/SeetaFace2/build-SeetaFace2-Desktop_Qt_5_14_2_MinGW_64_bit-Release/example/points81/Makefile&quot;  VERBOSE=1 points81"/>
					<CompileFile command="F:/qt/Tools/mingw730_64/bin/mingw32-make.exe -f &quot;F:/SeetaFace2/build-SeetaFace2-Desktop_Qt_5_14_2_MinGW_64_bit-Release/example/points81/Makefile&quot;  VERBOSE=1 &quot;$file&quot;"/>
					<Clean command="F:/qt/Tools/mingw730_64/bin/mingw32-make.exe -f &quot;F:/SeetaFace2/build-SeetaFace2-Desktop_Qt_5_14_2_MinGW_64_bit-Release/example/points81/Makefile&quot;  VERBOSE=1 clean"/>
					<DistClean command="F:/qt/Tools/mingw730_64/bin/mingw32-make.exe -f &quot;F:/SeetaFace2/build-SeetaFace2-Desktop_Qt_5_14_2_MinGW_64_bit-Release/example/points81/Makefile&quot;  VERBOSE=1 clean"/>
				</MakeCommands>
			</Target>
			<Target title="points81/fast">
				<Option output="F:/SeetaFace2/build-SeetaFace2-Desktop_Qt_5_14_2_MinGW_64_bit-Release/bin/points81.exe" prefix_auto="0" extension_auto="0"/>
				<Option working_dir="F:/SeetaFace2/build-SeetaFace2-Desktop_Qt_5_14_2_MinGW_64_bit-Release/example/points81"/>
				<Option object_output="./"/>
				<Option type="1"/>
				<Option compiler="gcc"/>
				<Compiler>
					<Add option="-DBUILD_SHARED_LIBS"/>
					<Add directory="F:/SeetaFace2/SeetaFace2/example/points81"/>
					<Add directory="F:/SeetaFace2/SeetaFace2/SeetaNet/include"/>
					<Add directory="F:/SeetaFace2/SeetaFace2/FaceDetector/include"/>
					<Add directory="F:/SeetaFace2/SeetaFace2/FaceLandmarker/include"/>
					<Add directory="F:/SeetaFace2/build-SeetaFace2-Desktop_Qt_5_14_2_MinGW_64_bit-Release"/>
					<Add directory="F:/OpenCV_BY/include"/>
					<Add directory="F:/qt/Tools/mingw730_64/bin/../lib/gcc/x86_64-w64-mingw32/7.3.0/include/c++"/>
					<Add directory="F:/qt/Tools/mingw730_64/bin/../lib/gcc/x86_64-w64-mingw32/7.3.0/include/c++/x86_64-w64-mingw32"/>
					<Add directory="F:/qt/Tools/mingw730_64/bin/../lib/gcc/x86_64-w64-mingw32/7.3.0/include/c++/backward"/>
					<Add directory="F:/qt/Tools/mingw730_64/bin/../lib/gcc/x86_64-w64-mingw32/7.3.0/include"/>
					<Add directory="F:/qt/Tools/mingw730_64/bin/../lib/gcc/x86_64-w64-mingw32/7.3.0/include-fixed"/>
					<Add directory="F:/qt/Tools/mingw730_64/bin/../lib/gcc/x86_64-w64-mingw32/7.3.0/../../../../x86_64-w64-mingw32/include"/>
				</Compiler>
				<MakeCommands>
					<Build command="F:/qt/Tools/mingw730_64/bin/mingw32-make.exe -f &quot;F:/SeetaFace2/build-SeetaFace2-Desktop_Qt_5_14_2_MinGW_64_bit-Release/example/points81/Makefile&quot;  VERBOSE=1 points81/fast"/>
					<CompileFile command="F:/qt/Tools/mingw730_64/bin/mingw32-make.exe -f &quot;F:/SeetaFace2/build-SeetaFace2-Desktop_Qt_5_14_2_MinGW_64_bit-Release/example/points81/Makefile&quot;  VERBOSE=1 &quot;$file&quot;"/>
					<Clean command="F:/qt/Tools/mingw730_64/bin/mingw32-make.exe -f &quot;F:/SeetaFace2/build-SeetaFace2-Desktop_Qt_5_14_2_MinGW_64_bit-Release/example/points81/Makefile&quot;  VERBOSE=1 clean"/>
					<DistClean command="F:/qt/Tools/mingw730_64/bin/mingw32-make.exe -f &quot;F:/SeetaFace2/build-SeetaFace2-Desktop_Qt_5_14_2_MinGW_64_bit-Release/example/points81/Makefile&quot;  VERBOSE=1 clean"/>
				</MakeCommands>
			</Target>
			<Target title="search">
				<Option output="F:/SeetaFace2/build-SeetaFace2-Desktop_Qt_5_14_2_MinGW_64_bit-Release/bin/search.exe" prefix_auto="0" extension_auto="0"/>
				<Option working_dir="F:/SeetaFace2/build-SeetaFace2-Desktop_Qt_5_14_2_MinGW_64_bit-Release/example/search"/>
				<Option object_output="./"/>
				<Option type="1"/>
				<Option compiler="gcc"/>
				<Compiler>
					<Add option="-DBUILD_SHARED_LIBS"/>
					<Add directory="F:/SeetaFace2/SeetaFace2/example/search"/>
					<Add directory="F:/SeetaFace2/SeetaFace2/SeetaNet/include"/>
					<Add directory="F:/SeetaFace2/SeetaFace2/FaceDetector/include"/>
					<Add directory="F:/SeetaFace2/SeetaFace2/FaceLandmarker/include"/>
					<Add directory="F:/SeetaFace2/SeetaFace2/FaceRecognizer/include"/>
					<Add directory="F:/SeetaFace2/SeetaFace2/QualityAssessor/include"/>
					<Add directory="F:/SeetaFace2/build-SeetaFace2-Desktop_Qt_5_14_2_MinGW_64_bit-Release"/>
					<Add directory="F:/OpenCV_BY/include"/>
					<Add directory="F:/qt/Tools/mingw730_64/bin/../lib/gcc/x86_64-w64-mingw32/7.3.0/include/c++"/>
					<Add directory="F:/qt/Tools/mingw730_64/bin/../lib/gcc/x86_64-w64-mingw32/7.3.0/include/c++/x86_64-w64-mingw32"/>
					<Add directory="F:/qt/Tools/mingw730_64/bin/../lib/gcc/x86_64-w64-mingw32/7.3.0/include/c++/backward"/>
					<Add directory="F:/qt/Tools/mingw730_64/bin/../lib/gcc/x86_64-w64-mingw32/7.3.0/include"/>
					<Add directory="F:/qt/Tools/mingw730_64/bin/../lib/gcc/x86_64-w64-mingw32/7.3.0/include-fixed"/>
					<Add directory="F:/qt/Tools/mingw730_64/bin/../lib/gcc/x86_64-w64-mingw32/7.3.0/../../../../x86_64-w64-mingw32/include"/>
				</Compiler>
				<MakeCommands>
					<Build command="F:/qt/Tools/mingw730_64/bin/mingw32-make.exe -f &quot;F:/SeetaFace2/build-SeetaFace2-Desktop_Qt_5_14_2_MinGW_64_bit-Release/example/search/Makefile&quot;  VERBOSE=1 search"/>
					<CompileFile command="F:/qt/Tools/mingw730_64/bin/mingw32-make.exe -f &quot;F:/SeetaFace2/build-SeetaFace2-Desktop_Qt_5_14_2_MinGW_64_bit-Release/example/search/Makefile&quot;  VERBOSE=1 &quot;$file&quot;"/>
					<Clean command="F:/qt/Tools/mingw730_64/bin/mingw32-make.exe -f &quot;F:/SeetaFace2/build-SeetaFace2-Desktop_Qt_5_14_2_MinGW_64_bit-Release/example/search/Makefile&quot;  VERBOSE=1 clean"/>
					<DistClean command="F:/qt/Tools/mingw730_64/bin/mingw32-make.exe -f &quot;F:/SeetaFace2/build-SeetaFace2-Desktop_Qt_5_14_2_MinGW_64_bit-Release/example/search/Makefile&quot;  VERBOSE=1 clean"/>
				</MakeCommands>
			</Target>
			<Target title="search/fast">
				<Option output="F:/SeetaFace2/build-SeetaFace2-Desktop_Qt_5_14_2_MinGW_64_bit-Release/bin/search.exe" prefix_auto="0" extension_auto="0"/>
				<Option working_dir="F:/SeetaFace2/build-SeetaFace2-Desktop_Qt_5_14_2_MinGW_64_bit-Release/example/search"/>
				<Option object_output="./"/>
				<Option type="1"/>
				<Option compiler="gcc"/>
				<Compiler>
					<Add option="-DBUILD_SHARED_LIBS"/>
					<Add directory="F:/SeetaFace2/SeetaFace2/example/search"/>
					<Add directory="F:/SeetaFace2/SeetaFace2/SeetaNet/include"/>
					<Add directory="F:/SeetaFace2/SeetaFace2/FaceDetector/include"/>
					<Add directory="F:/SeetaFace2/SeetaFace2/FaceLandmarker/include"/>
					<Add directory="F:/SeetaFace2/SeetaFace2/FaceRecognizer/include"/>
					<Add directory="F:/SeetaFace2/SeetaFace2/QualityAssessor/include"/>
					<Add directory="F:/SeetaFace2/build-SeetaFace2-Desktop_Qt_5_14_2_MinGW_64_bit-Release"/>
					<Add directory="F:/OpenCV_BY/include"/>
					<Add directory="F:/qt/Tools/mingw730_64/bin/../lib/gcc/x86_64-w64-mingw32/7.3.0/include/c++"/>
					<Add directory="F:/qt/Tools/mingw730_64/bin/../lib/gcc/x86_64-w64-mingw32/7.3.0/include/c++/x86_64-w64-mingw32"/>
					<Add directory="F:/qt/Tools/mingw730_64/bin/../lib/gcc/x86_64-w64-mingw32/7.3.0/include/c++/backward"/>
					<Add directory="F:/qt/Tools/mingw730_64/bin/../lib/gcc/x86_64-w64-mingw32/7.3.0/include"/>
					<Add directory="F:/qt/Tools/mingw730_64/bin/../lib/gcc/x86_64-w64-mingw32/7.3.0/include-fixed"/>
					<Add directory="F:/qt/Tools/mingw730_64/bin/../lib/gcc/x86_64-w64-mingw32/7.3.0/../../../../x86_64-w64-mingw32/include"/>
				</Compiler>
				<MakeCommands>
					<Build command="F:/qt/Tools/mingw730_64/bin/mingw32-make.exe -f &quot;F:/SeetaFace2/build-SeetaFace2-Desktop_Qt_5_14_2_MinGW_64_bit-Release/example/search/Makefile&quot;  VERBOSE=1 search/fast"/>
					<CompileFile command="F:/qt/Tools/mingw730_64/bin/mingw32-make.exe -f &quot;F:/SeetaFace2/build-SeetaFace2-Desktop_Qt_5_14_2_MinGW_64_bit-Release/example/search/Makefile&quot;  VERBOSE=1 &quot;$file&quot;"/>
					<Clean command="F:/qt/Tools/mingw730_64/bin/mingw32-make.exe -f &quot;F:/SeetaFace2/build-SeetaFace2-Desktop_Qt_5_14_2_MinGW_64_bit-Release/example/search/Makefile&quot;  VERBOSE=1 clean"/>
					<DistClean command="F:/qt/Tools/mingw730_64/bin/mingw32-make.exe -f &quot;F:/SeetaFace2/build-SeetaFace2-Desktop_Qt_5_14_2_MinGW_64_bit-Release/example/search/Makefile&quot;  VERBOSE=1 clean"/>
				</MakeCommands>
			</Target>
			<Target title="tracking">
				<Option output="F:/SeetaFace2/build-SeetaFace2-Desktop_Qt_5_14_2_MinGW_64_bit-Release/bin/tracking.exe" prefix_auto="0" extension_auto="0"/>
				<Option working_dir="F:/SeetaFace2/build-SeetaFace2-Desktop_Qt_5_14_2_MinGW_64_bit-Release/example/tracking"/>
				<Option object_output="./"/>
				<Option type="1"/>
				<Option compiler="gcc"/>
				<Compiler>
					<Add option="-DBUILD_SHARED_LIBS"/>
					<Add directory="F:/SeetaFace2/SeetaFace2/example/tracking"/>
					<Add directory="F:/SeetaFace2/SeetaFace2/SeetaNet/include"/>
					<Add directory="F:/SeetaFace2/SeetaFace2/FaceTracker/include"/>
					<Add directory="F:/OpenCV_BY/include"/>
					<Add directory="F:/qt/Tools/mingw730_64/bin/../lib/gcc/x86_64-w64-mingw32/7.3.0/include/c++"/>
					<Add directory="F:/qt/Tools/mingw730_64/bin/../lib/gcc/x86_64-w64-mingw32/7.3.0/include/c++/x86_64-w64-mingw32"/>
					<Add directory="F:/qt/Tools/mingw730_64/bin/../lib/gcc/x86_64-w64-mingw32/7.3.0/include/c++/backward"/>
					<Add directory="F:/qt/Tools/mingw730_64/bin/../lib/gcc/x86_64-w64-mingw32/7.3.0/include"/>
					<Add directory="F:/qt/Tools/mingw730_64/bin/../lib/gcc/x86_64-w64-mingw32/7.3.0/include-fixed"/>
					<Add directory="F:/qt/Tools/mingw730_64/bin/../lib/gcc/x86_64-w64-mingw32/7.3.0/../../../../x86_64-w64-mingw32/include"/>
				</Compiler>
				<MakeCommands>
					<Build command="F:/qt/Tools/mingw730_64/bin/mingw32-make.exe -f &quot;F:/SeetaFace2/build-SeetaFace2-Desktop_Qt_5_14_2_MinGW_64_bit-Release/example/tracking/Makefile&quot;  VERBOSE=1 tracking"/>
					<CompileFile command="F:/qt/Tools/mingw730_64/bin/mingw32-make.exe -f &quot;F:/SeetaFace2/build-SeetaFace2-Desktop_Qt_5_14_2_MinGW_64_bit-Release/example/tracking/Makefile&quot;  VERBOSE=1 &quot;$file&quot;"/>
					<Clean command="F:/qt/Tools/mingw730_64/bin/mingw32-make.exe -f &quot;F:/SeetaFace2/build-SeetaFace2-Desktop_Qt_5_14_2_MinGW_64_bit-Release/example/tracking/Makefile&quot;  VERBOSE=1 clean"/>
					<DistClean command="F:/qt/Tools/mingw730_64/bin/mingw32-make.exe -f &quot;F:/SeetaFace2/build-SeetaFace2-Desktop_Qt_5_14_2_MinGW_64_bit-Release/example/tracking/Makefile&quot;  VERBOSE=1 clean"/>
				</MakeCommands>
			</Target>
			<Target title="tracking/fast">
				<Option output="F:/SeetaFace2/build-SeetaFace2-Desktop_Qt_5_14_2_MinGW_64_bit-Release/bin/tracking.exe" prefix_auto="0" extension_auto="0"/>
				<Option working_dir="F:/SeetaFace2/build-SeetaFace2-Desktop_Qt_5_14_2_MinGW_64_bit-Release/example/tracking"/>
				<Option object_output="./"/>
				<Option type="1"/>
				<Option compiler="gcc"/>
				<Compiler>
					<Add option="-DBUILD_SHARED_LIBS"/>
					<Add directory="F:/SeetaFace2/SeetaFace2/example/tracking"/>
					<Add directory="F:/SeetaFace2/SeetaFace2/SeetaNet/include"/>
					<Add directory="F:/SeetaFace2/SeetaFace2/FaceTracker/include"/>
					<Add directory="F:/OpenCV_BY/include"/>
					<Add directory="F:/qt/Tools/mingw730_64/bin/../lib/gcc/x86_64-w64-mingw32/7.3.0/include/c++"/>
					<Add directory="F:/qt/Tools/mingw730_64/bin/../lib/gcc/x86_64-w64-mingw32/7.3.0/include/c++/x86_64-w64-mingw32"/>
					<Add directory="F:/qt/Tools/mingw730_64/bin/../lib/gcc/x86_64-w64-mingw32/7.3.0/include/c++/backward"/>
					<Add directory="F:/qt/Tools/mingw730_64/bin/../lib/gcc/x86_64-w64-mingw32/7.3.0/include"/>
					<Add directory="F:/qt/Tools/mingw730_64/bin/../lib/gcc/x86_64-w64-mingw32/7.3.0/include-fixed"/>
					<Add directory="F:/qt/Tools/mingw730_64/bin/../lib/gcc/x86_64-w64-mingw32/7.3.0/../../../../x86_64-w64-mingw32/include"/>
				</Compiler>
				<MakeCommands>
					<Build command="F:/qt/Tools/mingw730_64/bin/mingw32-make.exe -f &quot;F:/SeetaFace2/build-SeetaFace2-Desktop_Qt_5_14_2_MinGW_64_bit-Release/example/tracking/Makefile&quot;  VERBOSE=1 tracking/fast"/>
					<CompileFile command="F:/qt/Tools/mingw730_64/bin/mingw32-make.exe -f &quot;F:/SeetaFace2/build-SeetaFace2-Desktop_Qt_5_14_2_MinGW_64_bit-Release/example/tracking/Makefile&quot;  VERBOSE=1 &quot;$file&quot;"/>
					<Clean command="F:/qt/Tools/mingw730_64/bin/mingw32-make.exe -f &quot;F:/SeetaFace2/build-SeetaFace2-Desktop_Qt_5_14_2_MinGW_64_bit-Release/example/tracking/Makefile&quot;  VERBOSE=1 clean"/>
					<DistClean command="F:/qt/Tools/mingw730_64/bin/mingw32-make.exe -f &quot;F:/SeetaFace2/build-SeetaFace2-Desktop_Qt_5_14_2_MinGW_64_bit-Release/example/tracking/Makefile&quot;  VERBOSE=1 clean"/>
				</MakeCommands>
			</Target>
			<Target title="crop_face">
				<Option output="F:/SeetaFace2/build-SeetaFace2-Desktop_Qt_5_14_2_MinGW_64_bit-Release/bin/crop_face.exe" prefix_auto="0" extension_auto="0"/>
				<Option working_dir="F:/SeetaFace2/build-SeetaFace2-Desktop_Qt_5_14_2_MinGW_64_bit-Release/example/crop_face"/>
				<Option object_output="./"/>
				<Option type="1"/>
				<Option compiler="gcc"/>
				<Compiler>
					<Add option="-DBUILD_SHARED_LIBS"/>
					<Add directory="F:/SeetaFace2/SeetaFace2/example/crop_face"/>
					<Add directory="F:/SeetaFace2/SeetaFace2/FaceDetector/include"/>
					<Add directory="F:/SeetaFace2/SeetaFace2/FaceLandmarker/include"/>
					<Add directory="F:/SeetaFace2/SeetaFace2/FaceRecognizer/include"/>
					<Add directory="F:/SeetaFace2/build-SeetaFace2-Desktop_Qt_5_14_2_MinGW_64_bit-Release"/>
					<Add directory="F:/OpenCV_BY/include"/>
					<Add directory="F:/qt/Tools/mingw730_64/bin/../lib/gcc/x86_64-w64-mingw32/7.3.0/include/c++"/>
					<Add directory="F:/qt/Tools/mingw730_64/bin/../lib/gcc/x86_64-w64-mingw32/7.3.0/include/c++/x86_64-w64-mingw32"/>
					<Add directory="F:/qt/Tools/mingw730_64/bin/../lib/gcc/x86_64-w64-mingw32/7.3.0/include/c++/backward"/>
					<Add directory="F:/qt/Tools/mingw730_64/bin/../lib/gcc/x86_64-w64-mingw32/7.3.0/include"/>
					<Add directory="F:/qt/Tools/mingw730_64/bin/../lib/gcc/x86_64-w64-mingw32/7.3.0/include-fixed"/>
					<Add directory="F:/qt/Tools/mingw730_64/bin/../lib/gcc/x86_64-w64-mingw32/7.3.0/../../../../x86_64-w64-mingw32/include"/>
				</Compiler>
				<MakeCommands>
					<Build command="F:/qt/Tools/mingw730_64/bin/mingw32-make.exe -f &quot;F:/SeetaFace2/build-SeetaFace2-Desktop_Qt_5_14_2_MinGW_64_bit-Release/example/crop_face/Makefile&quot;  VERBOSE=1 crop_face"/>
					<CompileFile command="F:/qt/Tools/mingw730_64/bin/mingw32-make.exe -f &quot;F:/SeetaFace2/build-SeetaFace2-Desktop_Qt_5_14_2_MinGW_64_bit-Release/example/crop_face/Makefile&quot;  VERBOSE=1 &quot;$file&quot;"/>
					<Clean command="F:/qt/Tools/mingw730_64/bin/mingw32-make.exe -f &quot;F:/SeetaFace2/build-SeetaFace2-Desktop_Qt_5_14_2_MinGW_64_bit-Release/example/crop_face/Makefile&quot;  VERBOSE=1 clean"/>
					<DistClean command="F:/qt/Tools/mingw730_64/bin/mingw32-make.exe -f &quot;F:/SeetaFace2/build-SeetaFace2-Desktop_Qt_5_14_2_MinGW_64_bit-Release/example/crop_face/Makefile&quot;  VERBOSE=1 clean"/>
				</MakeCommands>
			</Target>
			<Target title="crop_face/fast">
				<Option output="F:/SeetaFace2/build-SeetaFace2-Desktop_Qt_5_14_2_MinGW_64_bit-Release/bin/crop_face.exe" prefix_auto="0" extension_auto="0"/>
				<Option working_dir="F:/SeetaFace2/build-SeetaFace2-Desktop_Qt_5_14_2_MinGW_64_bit-Release/example/crop_face"/>
				<Option object_output="./"/>
				<Option type="1"/>
				<Option compiler="gcc"/>
				<Compiler>
					<Add option="-DBUILD_SHARED_LIBS"/>
					<Add directory="F:/SeetaFace2/SeetaFace2/example/crop_face"/>
					<Add directory="F:/SeetaFace2/SeetaFace2/FaceDetector/include"/>
					<Add directory="F:/SeetaFace2/SeetaFace2/FaceLandmarker/include"/>
					<Add directory="F:/SeetaFace2/SeetaFace2/FaceRecognizer/include"/>
					<Add directory="F:/SeetaFace2/build-SeetaFace2-Desktop_Qt_5_14_2_MinGW_64_bit-Release"/>
					<Add directory="F:/OpenCV_BY/include"/>
					<Add directory="F:/qt/Tools/mingw730_64/bin/../lib/gcc/x86_64-w64-mingw32/7.3.0/include/c++"/>
					<Add directory="F:/qt/Tools/mingw730_64/bin/../lib/gcc/x86_64-w64-mingw32/7.3.0/include/c++/x86_64-w64-mingw32"/>
					<Add directory="F:/qt/Tools/mingw730_64/bin/../lib/gcc/x86_64-w64-mingw32/7.3.0/include/c++/backward"/>
					<Add directory="F:/qt/Tools/mingw730_64/bin/../lib/gcc/x86_64-w64-mingw32/7.3.0/include"/>
					<Add directory="F:/qt/Tools/mingw730_64/bin/../lib/gcc/x86_64-w64-mingw32/7.3.0/include-fixed"/>
					<Add directory="F:/qt/Tools/mingw730_64/bin/../lib/gcc/x86_64-w64-mingw32/7.3.0/../../../../x86_64-w64-mingw32/include"/>
				</Compiler>
				<MakeCommands>
					<Build command="F:/qt/Tools/mingw730_64/bin/mingw32-make.exe -f &quot;F:/SeetaFace2/build-SeetaFace2-Desktop_Qt_5_14_2_MinGW_64_bit-Release/example/crop_face/Makefile&quot;  VERBOSE=1 crop_face/fast"/>
					<CompileFile command="F:/qt/Tools/mingw730_64/bin/mingw32-make.exe -f &quot;F:/SeetaFace2/build-SeetaFace2-Desktop_Qt_5_14_2_MinGW_64_bit-Release/example/crop_face/Makefile&quot;  VERBOSE=1 &quot;$file&quot;"/>
					<Clean command="F:/qt/Tools/mingw730_64/bin/mingw32-make.exe -f &quot;F:/SeetaFace2/build-SeetaFace2-Desktop_Qt_5_14_2_MinGW_64_bit-Release/example/crop_face/Makefile&quot;  VERBOSE=1 clean"/>
					<DistClean command="F:/qt/Tools/mingw730_64/bin/mingw32-make.exe -f &quot;F:/SeetaFace2/build-SeetaFace2-Desktop_Qt_5_14_2_MinGW_64_bit-Release/example/crop_face/Makefile&quot;  VERBOSE=1 clean"/>
				</MakeCommands>
			</Target>
		</Build>
		<Unit filename="F:/SeetaFace2/SeetaFace2/FaceDetector/seeta/FaceDetectorPrivate.cpp">
			<Option target="SeetaFaceDetector"/>
		</Unit>
		<Unit filename="F:/SeetaFace2/SeetaFace2/FaceDetector/seeta/FaceDetectorPrivate.h">
			<Option target="SeetaFaceDetector"/>
		</Unit>
		<Unit filename="F:/SeetaFace2/SeetaFace2/FaceDetector/seeta/ImageProcess.cpp">
			<Option target="SeetaFaceDetector"/>
		</Unit>
		<Unit filename="F:/SeetaFace2/SeetaFace2/FaceDetector/seeta/ImageProcess.h">
			<Option target="SeetaFaceDetector"/>
		</Unit>
		<Unit filename="F:/SeetaFace2/SeetaFace2/FaceDetector/seeta/common_alignment.cpp">
			<Option target="SeetaFaceDetector"/>
		</Unit>
		<Unit filename="F:/SeetaFace2/SeetaFace2/FaceDetector/seeta/common_alignment.h">
			<Option target="SeetaFaceDetector"/>
		</Unit>
		<Unit filename="F:/SeetaFace2/SeetaFace2/FaceDetector/seeta/graphics2d.cpp">
			<Option target="SeetaFaceDetector"/>
		</Unit>
		<Unit filename="F:/SeetaFace2/SeetaFace2/FaceDetector/seeta/graphics2d.h">
			<Option target="SeetaFaceDetector"/>
		</Unit>
		<Unit filename="F:/SeetaFace2/SeetaFace2/FaceDetector/src/seeta/FaceDetector.cpp">
			<Option target="SeetaFaceDetector"/>
		</Unit>
		<Unit filename="F:/SeetaFace2/SeetaFace2/FaceLandmarker/seeta/FaceLandmarkerPrivate.cpp">
			<Option target="SeetaFaceLandmarker"/>
		</Unit>
		<Unit filename="F:/SeetaFace2/SeetaFace2/FaceLandmarker/seeta/FaceLandmarkerPrivate.h">
			<Option target="SeetaFaceLandmarker"/>
		</Unit>
		<Unit filename="F:/SeetaFace2/SeetaFace2/FaceLandmarker/seeta/ImageProcess.cpp">
			<Option target="SeetaFaceLandmarker"/>
		</Unit>
		<Unit filename="F:/SeetaFace2/SeetaFace2/FaceLandmarker/seeta/ImageProcess.h">
			<Option target="SeetaFaceLandmarker"/>
		</Unit>
		<Unit filename="F:/SeetaFace2/SeetaFace2/FaceLandmarker/seeta/common_alignment.cpp">
			<Option target="SeetaFaceLandmarker"/>
		</Unit>
		<Unit filename="F:/SeetaFace2/SeetaFace2/FaceLandmarker/seeta/common_alignment.h">
			<Option target="SeetaFaceLandmarker"/>
		</Unit>
		<Unit filename="F:/SeetaFace2/SeetaFace2/FaceLandmarker/seeta/graphics2d.cpp">
			<Option target="SeetaFaceLandmarker"/>
		</Unit>
		<Unit filename="F:/SeetaFace2/SeetaFace2/FaceLandmarker/seeta/graphics2d.h">
			<Option target="SeetaFaceLandmarker"/>
		</Unit>
		<Unit filename="F:/SeetaFace2/SeetaFace2/FaceLandmarker/src/seeta/FaceLandmarker.cpp">
			<Option target="SeetaFaceLandmarker"/>
		</Unit>
		<Unit filename="F:/SeetaFace2/SeetaFace2/FaceRecognizer/seeta/FaceRecognizerPrivate.cpp">
			<Option target="SeetaFaceRecognizer"/>
		</Unit>
		<Unit filename="F:/SeetaFace2/SeetaFace2/FaceRecognizer/seeta/FaceRecognizerPrivate.h">
			<Option target="SeetaFaceRecognizer"/>
		</Unit>
		<Unit filename="F:/SeetaFace2/SeetaFace2/FaceRecognizer/seeta/ImageProcess.cpp">
			<Option target="SeetaFaceRecognizer"/>
		</Unit>
		<Unit filename="F:/SeetaFace2/SeetaFace2/FaceRecognizer/seeta/ImageProcess.h">
			<Option target="SeetaFaceRecognizer"/>
		</Unit>
		<Unit filename="F:/SeetaFace2/SeetaFace2/FaceRecognizer/seeta/SeetaNetParseProto.cpp">
			<Option target="SeetaFaceRecognizer"/>
		</Unit>
		<Unit filename="F:/SeetaFace2/SeetaFace2/FaceRecognizer/seeta/SeetaNetParseProto.h">
			<Option target="SeetaFaceRecognizer"/>
		</Unit>
		<Unit filename="F:/SeetaFace2/SeetaFace2/FaceRecognizer/seeta/common_alignment.cpp">
			<Option target="SeetaFaceRecognizer"/>
		</Unit>
		<Unit filename="F:/SeetaFace2/SeetaFace2/FaceRecognizer/seeta/common_alignment.h">
			<Option target="SeetaFaceRecognizer"/>
		</Unit>
		<Unit filename="F:/SeetaFace2/SeetaFace2/FaceRecognizer/seeta/graphics2d.cpp">
			<Option target="SeetaFaceRecognizer"/>
		</Unit>
		<Unit filename="F:/SeetaFace2/SeetaFace2/FaceRecognizer/seeta/graphics2d.h">
			<Option target="SeetaFaceRecognizer"/>
		</Unit>
		<Unit filename="F:/SeetaFace2/SeetaFace2/FaceRecognizer/src/seeta/FaceDatabase.cpp">
			<Option target="SeetaFaceRecognizer"/>
		</Unit>
		<Unit filename="F:/SeetaFace2/SeetaFace2/FaceRecognizer/src/seeta/FaceRecognizer.cpp">
			<Option target="SeetaFaceRecognizer"/>
		</Unit>
		<Unit filename="F:/SeetaFace2/SeetaFace2/FaceTracker/src/seeta/FaceTracker.cpp">
			<Option target="SeetaFaceTracker"/>
		</Unit>
		<Unit filename="F:/SeetaFace2/SeetaFace2/QualityAssessor/seeta/ImageProcess.cpp">
			<Option target="SeetaQualityAssessor"/>
		</Unit>
		<Unit filename="F:/SeetaFace2/SeetaFace2/QualityAssessor/seeta/ImageProcess.h">
			<Option target="SeetaQualityAssessor"/>
		</Unit>
		<Unit filename="F:/SeetaFace2/SeetaFace2/QualityAssessor/seeta/common_alignment.cpp">
			<Option target="SeetaQualityAssessor"/>
		</Unit>
		<Unit filename="F:/SeetaFace2/SeetaFace2/QualityAssessor/seeta/common_alignment.h">
			<Option target="SeetaQualityAssessor"/>
		</Unit>
		<Unit filename="F:/SeetaFace2/SeetaFace2/QualityAssessor/seeta/graphics2d.cpp">
			<Option target="SeetaQualityAssessor"/>
		</Unit>
		<Unit filename="F:/SeetaFace2/SeetaFace2/QualityAssessor/seeta/graphics2d.h">
			<Option target="SeetaQualityAssessor"/>
		</Unit>
		<Unit filename="F:/SeetaFace2/SeetaFace2/QualityAssessor/src/ClarityQuality.cpp">
			<Option target="SeetaQualityAssessor"/>
		</Unit>
		<Unit filename="F:/SeetaFace2/SeetaFace2/QualityAssessor/src/ClarityQuality.h">
			<Option target="SeetaQualityAssessor"/>
		</Unit>
		<Unit filename="F:/SeetaFace2/SeetaFace2/QualityAssessor/src/PoseQuality.cpp">
			<Option target="SeetaQualityAssessor"/>
		</Unit>
		<Unit filename="F:/SeetaFace2/SeetaFace2/QualityAssessor/src/PoseQuality.h">
			<Option target="SeetaQualityAssessor"/>
		</Unit>
		<Unit filename="F:/SeetaFace2/SeetaFace2/QualityAssessor/src/QualityAssessor.cpp">
			<Option target="SeetaQualityAssessor"/>
		</Unit>
		<Unit filename="F:/SeetaFace2/SeetaFace2/SeetaNet/src/ReadFromSeetaNetLayer.cpp">
			<Option target="SeetaNet"/>
		</Unit>
		<Unit filename="F:/SeetaFace2/SeetaFace2/SeetaNet/src/SeetaNet.cpp">
			<Option target="SeetaNet"/>
		</Unit>
		<Unit filename="F:/SeetaFace2/SeetaFace2/SeetaNet/src/SeetaNetForward.cpp">
			<Option target="SeetaNet"/>
		</Unit>
		<Unit filename="F:/SeetaFace2/SeetaFace2/SeetaNet/src/SeetaNetIm2Col.cpp">
			<Option target="SeetaNet"/>
		</Unit>
		<Unit filename="F:/SeetaFace2/SeetaFace2/SeetaNet/src/SeetaNetMathCPU.cpp">
			<Option target="SeetaNet"/>
		</Unit>
		<Unit filename="F:/SeetaFace2/SeetaFace2/SeetaNet/src/SeetaNetParseProto.cpp">
			<Option target="SeetaNet"/>
		</Unit>
		<Unit filename="F:/SeetaFace2/SeetaFace2/SeetaNet/src/SeetaNetProto.cpp">
			<Option target="SeetaNet"/>
		</Unit>
		<Unit filename="F:/SeetaFace2/SeetaFace2/SeetaNet/src/orz/mem/pot.cpp">
			<Option target="SeetaNet"/>
		</Unit>
		<Unit filename="F:/SeetaFace2/SeetaFace2/SeetaNet/src/orz/mem/pot.h">
			<Option target="SeetaNet"/>
		</Unit>
		<Unit filename="F:/SeetaFace2/SeetaFace2/SeetaNet/src/orz/mem/vat.cpp">
			<Option target="SeetaNet"/>
		</Unit>
		<Unit filename="F:/SeetaFace2/SeetaFace2/SeetaNet/src/orz/mem/vat.h">
			<Option target="SeetaNet"/>
		</Unit>
		<Unit filename="F:/SeetaFace2/SeetaFace2/SeetaNet/src/orz/sync/canyon.cpp">
			<Option target="SeetaNet"/>
		</Unit>
		<Unit filename="F:/SeetaFace2/SeetaFace2/SeetaNet/src/orz/sync/canyon.h">
			<Option target="SeetaNet"/>
		</Unit>
		<Unit filename="F:/SeetaFace2/SeetaFace2/SeetaNet/src/orz/sync/cartridge.cpp">
			<Option target="SeetaNet"/>
		</Unit>
		<Unit filename="F:/SeetaFace2/SeetaFace2/SeetaNet/src/orz/sync/cartridge.h">
			<Option target="SeetaNet"/>
		</Unit>
		<Unit filename="F:/SeetaFace2/SeetaFace2/SeetaNet/src/orz/sync/shotgun.cpp">
			<Option target="SeetaNet"/>
		</Unit>
		<Unit filename="F:/SeetaFace2/SeetaFace2/SeetaNet/src/orz/sync/shotgun.h">
			<Option target="SeetaNet"/>
		</Unit>
		<Unit filename="F:/SeetaFace2/SeetaFace2/SeetaNet/src/orz/tools/box.cpp">
			<Option target="SeetaNet"/>
		</Unit>
		<Unit filename="F:/SeetaFace2/SeetaFace2/SeetaNet/src/orz/tools/box.h">
			<Option target="SeetaNet"/>
		</Unit>
		<Unit filename="F:/SeetaFace2/SeetaFace2/example/crop_face/example.cpp">
			<Option target="crop_face"/>
		</Unit>
		<Unit filename="F:/SeetaFace2/SeetaFace2/example/points81/example.cpp">
			<Option target="points81"/>
		</Unit>
		<Unit filename="F:/SeetaFace2/SeetaFace2/example/search/example.cpp">
			<Option target="search"/>
		</Unit>
		<Unit filename="F:/SeetaFace2/SeetaFace2/example/tracking/example.cpp">
			<Option target="tracking"/>
		</Unit>
		<Unit filename="F:/SeetaFace2/SeetaFace2/CMakeLists.txt">
			<Option virtualFolder="CMake Files\"/>
		</Unit>
		<Unit filename="F:/SeetaFace2/SeetaFace2/SeetaFace.pc.in">
			<Option virtualFolder="CMake Files\"/>
		</Unit>
		<Unit filename="F:/SeetaFace2/SeetaFace2/example/CMakeLists.txt">
			<Option virtualFolder="CMake Files\example\"/>
		</Unit>
		<Unit filename="F:/SeetaFace2/SeetaFace2/example/points81/CMakeLists.txt">
			<Option virtualFolder="CMake Files\example\points81\"/>
		</Unit>
		<Unit filename="F:/SeetaFace2/SeetaFace2/example/search/CMakeLists.txt">
			<Option virtualFolder="CMake Files\example\search\"/>
		</Unit>
		<Unit filename="F:/SeetaFace2/SeetaFace2/example/tracking/CMakeLists.txt">
			<Option virtualFolder="CMake Files\example\tracking\"/>
		</Unit>
		<Unit filename="F:/SeetaFace2/SeetaFace2/example/crop_face/CMakeLists.txt">
			<Option virtualFolder="CMake Files\example\crop_face\"/>
		</Unit>
		<Unit filename="F:/SeetaFace2/SeetaFace2/../../OpenCV_BY/OpenCVConfig-version.cmake">
			<Option virtualFolder="CMake Files\..\..\OpenCV_BY\"/>
		</Unit>
		<Unit filename="F:/SeetaFace2/SeetaFace2/../../OpenCV_BY/OpenCVConfig.cmake">
			<Option virtualFolder="CMake Files\..\..\OpenCV_BY\"/>
		</Unit>
		<Unit filename="F:/SeetaFace2/SeetaFace2/../../OpenCV_BY/x64/mingw/lib/OpenCVConfig.cmake">
			<Option virtualFolder="CMake Files\..\..\OpenCV_BY\x64\mingw\lib\"/>
		</Unit>
		<Unit filename="F:/SeetaFace2/SeetaFace2/../../OpenCV_BY/x64/mingw/lib/OpenCVModules-release.cmake">
			<Option virtualFolder="CMake Files\..\..\OpenCV_BY\x64\mingw\lib\"/>
		</Unit>
		<Unit filename="F:/SeetaFace2/SeetaFace2/../../OpenCV_BY/x64/mingw/lib/OpenCVModules.cmake">
			<Option virtualFolder="CMake Files\..\..\OpenCV_BY\x64\mingw\lib\"/>
		</Unit>
		<Unit filename="F:/SeetaFace2/SeetaFace2/cmake/cmake_uninstall.cmake.in">
			<Option virtualFolder="CMake Files\cmake\"/>
		</Unit>
		<Unit filename="F:/SeetaFace2/SeetaFace2/SeetaNet/CMakeLists.txt">
			<Option virtualFolder="CMake Files\SeetaNet\"/>
		</Unit>
		<Unit filename="F:/SeetaFace2/SeetaFace2/SeetaNet/SeetaNet.pc.in">
			<Option virtualFolder="CMake Files\SeetaNet\"/>
		</Unit>
		<Unit filename="F:/SeetaFace2/SeetaFace2/FaceDetector/CMakeLists.txt">
			<Option virtualFolder="CMake Files\FaceDetector\"/>
		</Unit>
		<Unit filename="F:/SeetaFace2/SeetaFace2/FaceDetector/FaceDetector.pc.in">
			<Option virtualFolder="CMake Files\FaceDetector\"/>
		</Unit>
		<Unit filename="F:/SeetaFace2/SeetaFace2/FaceTracker/CMakeLists.txt">
			<Option virtualFolder="CMake Files\FaceTracker\"/>
		</Unit>
		<Unit filename="F:/SeetaFace2/SeetaFace2/FaceTracker/FaceTracker.pc.in">
			<Option virtualFolder="CMake Files\FaceTracker\"/>
		</Unit>
		<Unit filename="F:/SeetaFace2/SeetaFace2/FaceLandmarker/CMakeLists.txt">
			<Option virtualFolder="CMake Files\FaceLandmarker\"/>
		</Unit>
		<Unit filename="F:/SeetaFace2/SeetaFace2/FaceLandmarker/SeetaFaceLandmarker.pc.in">
			<Option virtualFolder="CMake Files\FaceLandmarker\"/>
		</Unit>
		<Unit filename="F:/SeetaFace2/SeetaFace2/FaceRecognizer/CMakeLists.txt">
			<Option virtualFolder="CMake Files\FaceRecognizer\"/>
		</Unit>
		<Unit filename="F:/SeetaFace2/SeetaFace2/FaceRecognizer/FaceRecognizer.pc.in">
			<Option virtualFolder="CMake Files\FaceRecognizer\"/>
		</Unit>
		<Unit filename="F:/SeetaFace2/SeetaFace2/QualityAssessor/CMakeLists.txt">
			<Option virtualFolder="CMake Files\QualityAssessor\"/>
		</Unit>
		<Unit filename="F:/SeetaFace2/SeetaFace2/QualityAssessor/QualityAssessor.pc.in">
			<Option virtualFolder="CMake Files\QualityAssessor\"/>
		</Unit>
	</Project>
</CodeBlocks_project_file>
